{
  "nodes": {
    "emacs-overlay": {
      "locked": {
        "lastModified": 1616214656,
        "narHash": "sha256-ceFOGcsbGlP/qtxMBlRGFH5fsbN+uGQYeHUrpgcRS4U=",
        "owner": "nix-community",
        "repo": "emacs-overlay",
        "rev": "d9530a7048f4b1c0f65825202a0ce1d111a1d39a",
        "type": "github"
      },
      "original": {
        "owner": "nix-community",
        "repo": "emacs-overlay",
        "rev": "d9530a7048f4b1c0f65825202a0ce1d111a1d39a",
        "type": "github"
      }
    },
    "home-manager": {
      "inputs": {
        "nixpkgs": [
          "nixpkgs"
        ]
      },
      "locked": {
        "lastModified": 1618469593,
        "narHash": "sha256-fNdt+Q3irnT3pId7PKSSVeR8/9inBrAEg4gpItoRowU=",
        "owner": "rycee",
        "repo": "home-manager",
        "rev": "ebbbd4f2b50703409543941e7445138dc1e7392e",
        "type": "github"
      },
      "original": {
        "owner": "rycee",
        "ref": "master",
        "repo": "home-manager",
        "type": "github"
      }
    },
    "nixos-hardware": {
      "locked": {
        "lastModified": 1618410381,
        "narHash": "sha256-/HMmKDAOTqQ0mlL2xk7wgTmaLqDkZsyXBn/JO2+SQc8=",
        "owner": "nixos",
        "repo": "nixos-hardware",
        "rev": "267d8b2d7f049d2cb9b7f4a7f981c123db19a868",
        "type": "github"
      },
      "original": {
        "owner": "nixos",
        "repo": "nixos-hardware",
        "type": "github"
      }
    },
    "nixpkgs": {
      "locked": {
        "lastModified": 1618343055,
        "narHash": "sha256-yux3woyNtMt6ynYRq7+DYe19CC+SoI/LJW+zSJd0UOs=",
        "owner": "NixOS",
        "repo": "nixpkgs",
        "rev": "e019872af81e4013fd518fcacfba74b1de21a50e",
        "type": "github"
      },
      "original": {
        "id": "nixpkgs",
        "ref": "nixos-unstable",
        "type": "indirect"
      }
    },
    "nixpkgs-unstable": {
      "locked": {
        "lastModified": 1618497604,
        "narHash": "sha256-iDhrBYa4ITdM/Lnkm84mq2qIRoylsv6KTv0USfd/j+g=",
        "owner": "NixOS",
        "repo": "nixpkgs",
        "rev": "652749c4ca7f2d4aa169fd4c24feb9ce8dc4fca9",
        "type": "github"
      },
      "original": {
        "id": "nixpkgs",
        "ref": "master",
        "type": "indirect"
      }
    },
    "nixpkgs-virtualbox": {
      "locked": {
        "lastModified": 1618491247,
        "narHash": "sha256-LVLXHL6KmWMV5BMRIubjNuq9HUBM0SHklDpvGwF9rK4=",
        "owner": "nixos",
        "repo": "nixpkgs",
        "rev": "e754546ef7c3a7d5890f17dab7e6d03db16c1e1f",
        "type": "github"
      },
      "original": {
        "owner": "nixos",
        "repo": "nixpkgs",
        "rev": "e754546ef7c3a7d5890f17dab7e6d03db16c1e1f",
        "type": "github"
      }
    },
    "nur": {
      "locked": {
        "lastModified": 1618493194,
        "narHash": "sha256-C0VVgrGuRt3zr8svMd+eWPr4FX9qjgsAGkHsUTjRtAk=",
        "owner": "nix-community",
        "repo": "NUR",
        "rev": "316dd07171830a86b19a79ddb39969501d8fc4a9",
        "type": "github"
      },
      "original": {
        "owner": "nix-community",
        "repo": "NUR",
        "type": "github"
      }
    },
    "root": {
      "inputs": {
        "emacs-overlay": "emacs-overlay",
        "home-manager": "home-manager",
        "nixos-hardware": "nixos-hardware",
        "nixpkgs": "nixpkgs",
        "nixpkgs-unstable": "nixpkgs-unstable",
        "nixpkgs-virtualbox": "nixpkgs-virtualbox",
        "nur": "nur",
        "secrets": "secrets"
      }
    },
    "secrets": {
      "flake": false,
      "locked": {
        "narHash": "sha256-SA8MjV750ocnp1EpDhEOsdTUlh/NxDD/IDtMTPEJrIs=",
        "path": "/etc/dotfiles-private",
        "type": "path"
      },
      "original": {
        "path": "/etc/dotfiles-private",
        "type": "path"
      }
    }
  },
  "root": "root",
  "version": 7
}
