{
  "nodes": {
    "emacs-overlay": {
      "locked": {
        "lastModified": 1609417595,
        "narHash": "sha256-KKIdFmJ+wC3T5UtLLTUE8hvPO0/+TCyQFjyh+pc6Mug=",
        "owner": "nix-community",
        "repo": "emacs-overlay",
        "rev": "c9bc01eca800bb3f7c1f1bafadeb12a1904c6346",
        "type": "github"
      },
      "original": {
        "owner": "nix-community",
        "repo": "emacs-overlay",
        "type": "github"
      }
    },
    "home-manager": {
      "inputs": {
        "nixpkgs": [
          "nixpkgs"
        ]
      },
      "locked": {
        "lastModified": 1609426169,
        "narHash": "sha256-JK3P0uxgzuNr0AnrL4KRsR76h5T2TPIs0MpLuOyG0TQ=",
        "owner": "rycee",
        "repo": "home-manager",
        "rev": "f6fd7e3fa4fac876f02309b780492f9f2d58093a",
        "type": "github"
      },
      "original": {
        "owner": "rycee",
        "ref": "master",
        "repo": "home-manager",
        "type": "github"
      }
    },
    "nixos-hardware": {
      "locked": {
        "lastModified": 1608918390,
        "narHash": "sha256-Ztx7egQQyF4RtWFKaZiytvZF1Yzk4R2GZ7c5r1/JjPw=",
        "owner": "nixos",
        "repo": "nixos-hardware",
        "rev": "c242378e63b0ec334e964ac0c0fbbdd2b3e89ebf",
        "type": "github"
      },
      "original": {
        "owner": "nixos",
        "repo": "nixos-hardware",
        "type": "github"
      }
    },
    "nixpkgs": {
      "locked": {
        "lastModified": 1609430229,
        "narHash": "sha256-7DFoFYBJO8c6WwaUs442KzHU/Nf072/Rb1yJf79Z8Kk=",
        "owner": "NixOS",
        "repo": "nixpkgs",
        "rev": "c23468489ceb07e1158bf9f6a0fa42e75f87ddd9",
        "type": "github"
      },
      "original": {
        "id": "nixpkgs",
        "ref": "master",
        "type": "indirect"
      }
    },
    "nixpkgs-unstable": {
      "locked": {
        "lastModified": 1609430229,
        "narHash": "sha256-7DFoFYBJO8c6WwaUs442KzHU/Nf072/Rb1yJf79Z8Kk=",
        "owner": "NixOS",
        "repo": "nixpkgs",
        "rev": "c23468489ceb07e1158bf9f6a0fa42e75f87ddd9",
        "type": "github"
      },
      "original": {
        "id": "nixpkgs",
        "ref": "master",
        "type": "indirect"
      }
    },
    "nur": {
      "locked": {
        "lastModified": 1610124042,
        "narHash": "sha256-h/iNrUuqzGPvyTQCKz4DimtJ4dI4X4gymTvMKng8dSA=",
        "owner": "nix-community",
        "repo": "NUR",
        "rev": "344ce71b54d4df5585717df83bacce663f10a71a",
        "type": "github"
      },
      "original": {
        "owner": "nix-community",
        "repo": "NUR",
        "type": "github"
      }
    },
    "root": {
      "inputs": {
        "emacs-overlay": "emacs-overlay",
        "home-manager": "home-manager",
        "nixos-hardware": "nixos-hardware",
        "nixpkgs": "nixpkgs",
        "nixpkgs-unstable": "nixpkgs-unstable",
        "nur": "nur"
      }
    }
  },
  "root": "root",
  "version": 7
}
