{
  "nodes": {
    "emacs-overlay": {
      "locked": {
        "lastModified": 1634095131,
        "narHash": "sha256-zHZ4lV5gDzfXdJpHgY+43AS5SmU+LRfh2p+9Iudd5XY=",
        "owner": "nix-community",
        "repo": "emacs-overlay",
        "rev": "5c81caffd457963acc3724cdb3dec0154ba076ee",
        "type": "github"
      },
      "original": {
        "owner": "nix-community",
        "repo": "emacs-overlay",
        "rev": "5c81caffd457963acc3724cdb3dec0154ba076ee",
        "type": "github"
      }
    },
    "flake-utils": {
      "inputs": {
        "flake-utils": "flake-utils_2",
        "make-shell": "make-shell"
      },
      "locked": {
        "lastModified": 1621733845,
        "narHash": "sha256-k7SQFZi64rTqNWBkKrGahCtQHBXi8RWlPq3OKRDzano=",
        "owner": "ursi",
        "repo": "flake-utils",
        "rev": "d939d2e5d73cd3468a05661e4471838b64547e6b",
        "type": "github"
      },
      "original": {
        "owner": "ursi",
        "repo": "flake-utils",
        "rev": "d939d2e5d73cd3468a05661e4471838b64547e6b",
        "type": "github"
      }
    },
    "flake-utils_2": {
      "locked": {
        "lastModified": 1618217525,
        "narHash": "sha256-WGrhVczjXTiswQaoxQ+0PTfbLNeOQM6M36zvLn78AYg=",
        "owner": "numtide",
        "repo": "flake-utils",
        "rev": "c6169a2772643c4a93a0b5ac1c61e296cba68544",
        "type": "github"
      },
      "original": {
        "owner": "numtide",
        "repo": "flake-utils",
        "type": "github"
      }
    },
    "flake-utils_3": {
      "locked": {
        "lastModified": 1622445595,
        "narHash": "sha256-m+JRe6Wc5OZ/mKw2bB3+Tl0ZbtyxxxfnAWln8Q5qs+Y=",
        "owner": "numtide",
        "repo": "flake-utils",
        "rev": "7d706970d94bc5559077eb1a6600afddcd25a7c8",
        "type": "github"
      },
      "original": {
        "owner": "numtide",
        "repo": "flake-utils",
        "type": "github"
      }
    },
    "flake-utils_4": {
      "locked": {
        "lastModified": 1622445595,
        "narHash": "sha256-m+JRe6Wc5OZ/mKw2bB3+Tl0ZbtyxxxfnAWln8Q5qs+Y=",
        "owner": "numtide",
        "repo": "flake-utils",
        "rev": "7d706970d94bc5559077eb1a6600afddcd25a7c8",
        "type": "github"
      },
      "original": {
        "owner": "numtide",
        "repo": "flake-utils",
        "type": "github"
      }
    },
    "home-manager": {
      "inputs": {
        "nixpkgs": [
          "nixpkgs"
        ]
      },
      "locked": {
        "lastModified": 1634081472,
        "narHash": "sha256-tN7xnabilqA5nYaWYg2Nz4mymxX8gBH65nWXRc1xXvY=",
        "owner": "rycee",
        "repo": "home-manager",
        "rev": "b22004bf1f303d68d97928ffbd0b9c76c415362e",
        "type": "github"
      },
      "original": {
        "owner": "rycee",
        "ref": "master",
        "repo": "home-manager",
        "type": "github"
      }
    },
    "make-shell": {
      "locked": {
        "lastModified": 1619482051,
        "narHash": "sha256-HM5lFiBKKfy/L7Ifk6mKRTT1UfQfSSzIMLBzDnPkH6Q=",
        "owner": "ursi",
        "repo": "nix-make-shell",
        "rev": "ed72df45d0a81784eee8603e366e1f1ae9da6950",
        "type": "github"
      },
      "original": {
        "owner": "ursi",
        "ref": "1",
        "repo": "nix-make-shell",
        "type": "github"
      }
    },
    "nimble": {
      "inputs": {
        "nixpkgs": "nixpkgs_2"
      },
      "locked": {
        "lastModified": 1622481822,
        "narHash": "sha256-Cc7WmnQ1GQSdhlRunmxlGBSNikgiNpxWjs60Mvgg2Ps=",
        "owner": "floscr",
        "repo": "flake-nimble",
        "rev": "7892251d6d0e5c6380e5fb04d8d79249b9e340c9",
        "type": "github"
      },
      "original": {
        "owner": "floscr",
        "repo": "flake-nimble",
        "type": "github"
      }
    },
    "nimble_2": {
      "inputs": {
        "nixpkgs": "nixpkgs_4"
      },
      "locked": {
        "lastModified": 1622481822,
        "narHash": "sha256-Cc7WmnQ1GQSdhlRunmxlGBSNikgiNpxWjs60Mvgg2Ps=",
        "owner": "floscr",
        "repo": "flake-nimble",
        "rev": "7892251d6d0e5c6380e5fb04d8d79249b9e340c9",
        "type": "github"
      },
      "original": {
        "owner": "floscr",
        "repo": "flake-nimble",
        "type": "github"
      }
    },
    "nixos-hardware": {
      "locked": {
        "lastModified": 1633793047,
        "narHash": "sha256-XSMlHMVPKwcEqyHGdFj/ZeGMeZeKNwVExOfLlxcg4oE=",
        "owner": "nixos",
        "repo": "nixos-hardware",
        "rev": "3aabf78bfcae62f5f99474f2ebbbe418f1c6e54f",
        "type": "github"
      },
      "original": {
        "owner": "nixos",
        "repo": "nixos-hardware",
        "type": "github"
      }
    },
    "nixpkgs": {
      "locked": {
        "lastModified": 1633791597,
        "narHash": "sha256-HzpxqTEnqsjkKWfW87kSI3WVizYjUMQeUjSIm3b5I0Y=",
        "owner": "NixOS",
        "repo": "nixpkgs",
        "rev": "9bf75dd50b7b6d3ce6aaf6563db95f41438b9bdb",
        "type": "github"
      },
      "original": {
        "id": "nixpkgs",
        "ref": "nixos-unstable",
        "type": "indirect"
      }
    },
    "nixpkgs-unstable": {
      "locked": {
        "lastModified": 1634114550,
        "narHash": "sha256-tPZ1WsCRv0bVMj792a2FGpmTBNGKn0YRICzZLCAcMIk=",
        "owner": "NixOS",
        "repo": "nixpkgs",
        "rev": "38a15e7b2a95a1ca805a59ab56e872543db9819b",
        "type": "github"
      },
      "original": {
        "id": "nixpkgs",
        "ref": "master",
        "type": "indirect"
      }
    },
    "nixpkgs-virtualbox": {
      "locked": {
        "lastModified": 1618491247,
        "narHash": "sha256-LVLXHL6KmWMV5BMRIubjNuq9HUBM0SHklDpvGwF9rK4=",
        "owner": "nixos",
        "repo": "nixpkgs",
        "rev": "e754546ef7c3a7d5890f17dab7e6d03db16c1e1f",
        "type": "github"
      },
      "original": {
        "owner": "nixos",
        "repo": "nixpkgs",
        "rev": "e754546ef7c3a7d5890f17dab7e6d03db16c1e1f",
        "type": "github"
      }
    },
    "nixpkgs_2": {
      "locked": {
        "lastModified": 1619945546,
        "narHash": "sha256-jDQB+5iGBS0AqtT060yzQLixwNBcxNn4EOuu1bK6Pcw=",
        "owner": "NixOS",
        "repo": "nixpkgs",
        "rev": "c576998594b4b8790f291d17fa92d499d1dc5d42",
        "type": "github"
      },
      "original": {
        "id": "nixpkgs",
        "type": "indirect"
      }
    },
    "nixpkgs_3": {
      "locked": {
        "lastModified": 1622368643,
        "narHash": "sha256-/BEAmTreS2JjRvnuNNr65tA20FWcRsonURKfYdJecJA=",
        "owner": "nixos",
        "repo": "nixpkgs",
        "rev": "774fe1878b045411e6bdd0dd90d8581e82b10993",
        "type": "github"
      },
      "original": {
        "owner": "nixos",
        "ref": "nixpkgs-unstable",
        "repo": "nixpkgs",
        "type": "github"
      }
    },
    "nixpkgs_4": {
      "locked": {
        "lastModified": 1619945546,
        "narHash": "sha256-jDQB+5iGBS0AqtT060yzQLixwNBcxNn4EOuu1bK6Pcw=",
        "owner": "NixOS",
        "repo": "nixpkgs",
        "rev": "c576998594b4b8790f291d17fa92d499d1dc5d42",
        "type": "github"
      },
      "original": {
        "id": "nixpkgs",
        "type": "indirect"
      }
    },
    "nixpkgs_5": {
      "locked": {
        "lastModified": 1622368643,
        "narHash": "sha256-/BEAmTreS2JjRvnuNNr65tA20FWcRsonURKfYdJecJA=",
        "owner": "nixos",
        "repo": "nixpkgs",
        "rev": "774fe1878b045411e6bdd0dd90d8581e82b10993",
        "type": "github"
      },
      "original": {
        "owner": "nixos",
        "ref": "nixpkgs-unstable",
        "repo": "nixpkgs",
        "type": "github"
      }
    },
    "nur": {
      "locked": {
        "lastModified": 1634107902,
        "narHash": "sha256-6kFJa9FJ2HXEjas6eTGD01pteH8mQ/AAvyaZAOm/aNo=",
        "owner": "nix-community",
        "repo": "NUR",
        "rev": "110bc972c6390ddc7590ea2cf97439f05b253807",
        "type": "github"
      },
      "original": {
        "owner": "nix-community",
        "repo": "NUR",
        "type": "github"
      }
    },
    "org_print_scan": {
      "inputs": {
        "flake-utils": "flake-utils_3",
        "nimble": "nimble",
        "nixpkgs": "nixpkgs_3"
      },
      "locked": {
        "lastModified": 1622752637,
        "narHash": "sha256-UtzAVpqKcnJxEfvJyffKbm2aicBAIaRUaVCanrskaNg=",
        "owner": "floscr",
        "repo": "org_print_scan",
        "rev": "49eacef46eb8a0de960bf54d489675784698d0e2",
        "type": "github"
      },
      "original": {
        "owner": "floscr",
        "repo": "org_print_scan",
        "type": "github"
      }
    },
    "rofi_org_bookmarks": {
      "inputs": {
        "flake-utils": "flake-utils_4",
        "nimble": "nimble_2",
        "nixpkgs": "nixpkgs_5"
      },
      "locked": {
        "lastModified": 1623574434,
        "narHash": "sha256-Y+iZ4aJQJekFnkYI7UpUJTlVP6iVXfMrDBBZZEjUPRo=",
        "owner": "floscr",
        "repo": "rofi_org_bookmarks",
        "rev": "319fc8ee7a40ff6716426c5a0e805619992e4532",
        "type": "github"
      },
      "original": {
        "owner": "floscr",
        "repo": "rofi_org_bookmarks",
        "type": "github"
      }
    },
    "root": {
      "inputs": {
        "emacs-overlay": "emacs-overlay",
        "flake-utils": "flake-utils",
        "home-manager": "home-manager",
        "nixos-hardware": "nixos-hardware",
        "nixpkgs": "nixpkgs",
        "nixpkgs-unstable": "nixpkgs-unstable",
        "nixpkgs-virtualbox": "nixpkgs-virtualbox",
        "nur": "nur",
        "org_print_scan": "org_print_scan",
        "rofi_org_bookmarks": "rofi_org_bookmarks",
        "secrets": "secrets"
      }
    },
    "secrets": {
      "flake": false,
      "locked": {
        "narHash": "sha256-ZoXnGvOU9/iBvsrtBP/sh31oDSG/7UObhskwWI0FbaE=",
        "path": "/etc/dotfiles-private",
        "type": "path"
      },
      "original": {
        "path": "/etc/dotfiles-private",
        "type": "path"
      }
    }
  },
  "root": "root",
  "version": 7
}
